Microsoft Visual Studio Solution File, Format Version 12.00
# Visual Studio 2012
Project("{FAE04EC0-301F-11D3-BF4B-00C04F79EFBC}") = "Synapse", "Synapse.csproj", "{9C0D9CC0-148C-4BC9-9A2E-1FBFE7960DBD}"
EndProject
Global
	GlobalSection(SolutionConfigurationPlatforms) = preSolution
	Debug|Any CPU = Debug|Any CPU
	ExportDebug|Any CPU = ExportDebug|Any CPU
	ExportRelease|Any CPU = ExportRelease|Any CPU
	EndGlobalSection
	GlobalSection(ProjectConfigurationPlatforms) = postSolution
		{9C0D9CC0-148C-4BC9-9A2E-1FBFE7960DBD}.Debug|Any CPU.ActiveCfg = Debug|Any CPU
		{9C0D9CC0-148C-4BC9-9A2E-1FBFE7960DBD}.Debug|Any CPU.Build.0 = Debug|Any CPU
		{9C0D9CC0-148C-4BC9-9A2E-1FBFE7960DBD}.ExportDebug|Any CPU.ActiveCfg = ExportDebug|Any CPU
		{9C0D9CC0-148C-4BC9-9A2E-1FBFE7960DBD}.ExportDebug|Any CPU.Build.0 = ExportDebug|Any CPU
		{9C0D9CC0-148C-4BC9-9A2E-1FBFE7960DBD}.ExportRelease|Any CPU.ActiveCfg = ExportRelease|Any CPU
		{9C0D9CC0-148C-4BC9-9A2E-1FBFE7960DBD}.ExportRelease|Any CPU.Build.0 = ExportRelease|Any CPU
	EndGlobalSection
EndGlobal
